
Microsoft Visual Studio Solution File, Format Version 12.00
# Visual Studio Version 17
VisualStudioVersion = 17.1.32228.430
MinimumVisualStudioVersion = 10.0.40219.1
Project("{FAE04EC0-301F-11D3-BF4B-00C04F79EFBC}") = "Exercise02", "Exercise02\Exercise02.csproj", "{8DA90468-FE97-4961-9D82-A85EA0B78DD1}"
EndProject
Project("{FAE04EC0-301F-11D3-BF4B-00C04F79EFBC}") = "Exercise01", "Exercise01\Exercise01.csproj", "{BBA25631-4611-4894-A89F-A283B214E2BD}"
EndProject
Project("{FAE04EC0-301F-11D3-BF4B-00C04F79EFBC}") = "Testing", "Testing\Testing.csproj", "{DF9636C7-7702-4AB2-8982-6A170D9699BE}"
EndProject
Project("{FAE04EC0-301F-11D3-BF4B-00C04F79EFBC}") = "Exercise04", "Exercise04\Exercise04.csproj", "{C342E344-91D2-41D6-93BF-7A9F77F50780}"
EndProject
Global
	GlobalSection(SolutionConfigurationPlatforms) = preSolution
		Debug|Any CPU = Debug|Any CPU
		Release|Any CPU = Release|Any CPU
	EndGlobalSection
	GlobalSection(ProjectConfigurationPlatforms) = postSolution
		{8DA90468-FE97-4961-9D82-A85EA0B78DD1}.Debug|Any CPU.ActiveCfg = Debug|Any CPU
		{8DA90468-FE97-4961-9D82-A85EA0B78DD1}.Debug|Any CPU.Build.0 = Debug|Any CPU
		{8DA90468-FE97-4961-9D82-A85EA0B78DD1}.Release|Any CPU.ActiveCfg = Release|Any CPU
		{8DA90468-FE97-4961-9D82-A85EA0B78DD1}.Release|Any CPU.Build.0 = Release|Any CPU
		{BBA25631-4611-4894-A89F-A283B214E2BD}.Debug|Any CPU.ActiveCfg = Debug|Any CPU
		{BBA25631-4611-4894-A89F-A283B214E2BD}.Debug|Any CPU.Build.0 = Debug|Any CPU
		{BBA25631-4611-4894-A89F-A283B214E2BD}.Release|Any CPU.ActiveCfg = Release|Any CPU
		{BBA25631-4611-4894-A89F-A283B214E2BD}.Release|Any CPU.Build.0 = Release|Any CPU
		{DF9636C7-7702-4AB2-8982-6A170D9699BE}.Debug|Any CPU.ActiveCfg = Debug|Any CPU
		{DF9636C7-7702-4AB2-8982-6A170D9699BE}.Debug|Any CPU.Build.0 = Debug|Any CPU
		{DF9636C7-7702-4AB2-8982-6A170D9699BE}.Release|Any CPU.ActiveCfg = Release|Any CPU
		{DF9636C7-7702-4AB2-8982-6A170D9699BE}.Release|Any CPU.Build.0 = Release|Any CPU
		{C342E344-91D2-41D6-93BF-7A9F77F50780}.Debug|Any CPU.ActiveCfg = Debug|Any CPU
		{C342E344-91D2-41D6-93BF-7A9F77F50780}.Debug|Any CPU.Build.0 = Debug|Any CPU
		{C342E344-91D2-41D6-93BF-7A9F77F50780}.Release|Any CPU.ActiveCfg = Release|Any CPU
		{C342E344-91D2-41D6-93BF-7A9F77F50780}.Release|Any CPU.Build.0 = Release|Any CPU
	EndGlobalSection
	GlobalSection(SolutionProperties) = preSolution
		HideSolutionNode = FALSE
	EndGlobalSection
	GlobalSection(ExtensibilityGlobals) = postSolution
		SolutionGuid = {31E3E6D8-9643-44F0-957E-DA63FDBE3F6C}
	EndGlobalSection
EndGlobal
