
Microsoft Visual Studio Solution File, Format Version 12.00
# Visual Studio Version 17
VisualStudioVersion = 17.1.32228.430
MinimumVisualStudioVersion = 10.0.40219.1
Project("{FAE04EC0-301F-11D3-BF4B-00C04F79EFBC}") = "PropertiesSamples", "PropertiesSamples\PropertiesSamples.csproj", "{060B02BE-B403-4AC9-AFCC-69866027A306}"
EndProject
Project("{FAE04EC0-301F-11D3-BF4B-00C04F79EFBC}") = "List_Sample", "List_Sample\List_Sample.csproj", "{F694A4F3-BEA9-433D-8088-D488FF41B708}"
EndProject
Project("{FAE04EC0-301F-11D3-BF4B-00C04F79EFBC}") = "Sort_A_List_Sample", "Sort_A_List_Sample\Sort_A_List_Sample.csproj", "{692DF161-EF9E-421C-B957-54370D080ED0}"
EndProject
Project("{FAE04EC0-301F-11D3-BF4B-00C04F79EFBC}") = "Sort_A_List_Sample_2", "Sort_A_List_Sample_2\Sort_A_List_Sample_2.csproj", "{51923DEB-7D76-458A-9C92-C712CDD44F0B}"
EndProject
Global
	GlobalSection(SolutionConfigurationPlatforms) = preSolution
		Debug|Any CPU = Debug|Any CPU
		Release|Any CPU = Release|Any CPU
	EndGlobalSection
	GlobalSection(ProjectConfigurationPlatforms) = postSolution
		{060B02BE-B403-4AC9-AFCC-69866027A306}.Debug|Any CPU.ActiveCfg = Debug|Any CPU
		{060B02BE-B403-4AC9-AFCC-69866027A306}.Debug|Any CPU.Build.0 = Debug|Any CPU
		{060B02BE-B403-4AC9-AFCC-69866027A306}.Release|Any CPU.ActiveCfg = Release|Any CPU
		{060B02BE-B403-4AC9-AFCC-69866027A306}.Release|Any CPU.Build.0 = Release|Any CPU
		{F694A4F3-BEA9-433D-8088-D488FF41B708}.Debug|Any CPU.ActiveCfg = Debug|Any CPU
		{F694A4F3-BEA9-433D-8088-D488FF41B708}.Debug|Any CPU.Build.0 = Debug|Any CPU
		{F694A4F3-BEA9-433D-8088-D488FF41B708}.Release|Any CPU.ActiveCfg = Release|Any CPU
		{F694A4F3-BEA9-433D-8088-D488FF41B708}.Release|Any CPU.Build.0 = Release|Any CPU
		{692DF161-EF9E-421C-B957-54370D080ED0}.Debug|Any CPU.ActiveCfg = Debug|Any CPU
		{692DF161-EF9E-421C-B957-54370D080ED0}.Debug|Any CPU.Build.0 = Debug|Any CPU
		{692DF161-EF9E-421C-B957-54370D080ED0}.Release|Any CPU.ActiveCfg = Release|Any CPU
		{692DF161-EF9E-421C-B957-54370D080ED0}.Release|Any CPU.Build.0 = Release|Any CPU
		{51923DEB-7D76-458A-9C92-C712CDD44F0B}.Debug|Any CPU.ActiveCfg = Debug|Any CPU
		{51923DEB-7D76-458A-9C92-C712CDD44F0B}.Debug|Any CPU.Build.0 = Debug|Any CPU
		{51923DEB-7D76-458A-9C92-C712CDD44F0B}.Release|Any CPU.ActiveCfg = Release|Any CPU
		{51923DEB-7D76-458A-9C92-C712CDD44F0B}.Release|Any CPU.Build.0 = Release|Any CPU
	EndGlobalSection
	GlobalSection(SolutionProperties) = preSolution
		HideSolutionNode = FALSE
	EndGlobalSection
	GlobalSection(ExtensibilityGlobals) = postSolution
		SolutionGuid = {0C7A9469-5FCE-44D6-96FC-A3B2A7E1B951}
	EndGlobalSection
EndGlobal
